// !$*UTF8*$!
{
	archiveVersion = 1;
	classes = {
	};
	objectVersion = 50;
	objects = {

/* Begin PBXBuildFile section */
		ABFB895826C9F94F00842864 /* main.cpp in Sources */ = {isa = PBXBuildFile; fileRef = ABFB895726C9F94F00842864 /* main.cpp */; };
		ABFB896026C9F99400842864 /* libassimp.dylib in Frameworks */ = {isa = PBXBuildFile; fileRef = ABFB895F26C9F99400842864 /* libassimp.dylib */; };
		ABFB896226C9F99A00842864 /* libGLEW.dylib in Frameworks */ = {isa = PBXBuildFile; fileRef = ABFB896126C9F99A00842864 /* libGLEW.dylib */; };
		ABFB896426C9F9A000842864 /* libglfw.dylib in Frameworks */ = {isa = PBXBuildFile; fileRef = ABFB896326C9F9A000842864 /* libglfw.dylib */; };
		ABFB896626C9F9F600842864 /* glad.c in Sources */ = {isa = PBXBuildFile; fileRef = ABFB896526C9F9F600842864 /* glad.c */; };
		ABFB896F26C9FA3700842864 /* Mesh.cpp in Sources */ = {isa = PBXBuildFile; fileRef = ABFB896726C9FA3700842864 /* Mesh.cpp */; };
		ABFB897026C9FA3700842864 /* Model.cpp in Sources */ = {isa = PBXBuildFile; fileRef = ABFB896826C9FA3700842864 /* Model.cpp */; };
		ABFB897126C9FA3700842864 /* Camera.cpp in Sources */ = {isa = PBXBuildFile; fileRef = ABFB896A26C9FA3700842864 /* Camera.cpp */; };
/* End PBXBuildFile section */

/* Begin PBXCopyFilesBuildPhase section */
		ABFB895226C9F94F00842864 /* CopyFiles */ = {
			isa = PBXCopyFilesBuildPhase;
			buildActionMask = 2147483647;
			dstPath = /usr/share/man/man1/;
			dstSubfolderSpec = 0;
			files = (
			);
			runOnlyForDeploymentPostprocessing = 1;
		};
/* End PBXCopyFilesBuildPhase section */

/* Begin PBXFileReference section */
		ABFB895426C9F94F00842864 /* OpenGL_Test27_SSAO(ScreenSpaceAmbientOcclusion) */ = {isa = PBXFileReference; explicitFileType = "compiled.mach-o.executable"; includeInIndex = 0; path = "OpenGL_Test27_SSAO(ScreenSpaceAmbientOcclusion)"; sourceTree = BUILT_PRODUCTS_DIR; };
		ABFB895726C9F94F00842864 /* main.cpp */ = {isa = PBXFileReference; lastKnownFileType = sourcecode.cpp.cpp; path = main.cpp; sourceTree = "<group>"; };
		ABFB895F26C9F99400842864 /* libassimp.dylib */ = {isa = PBXFileReference; lastKnownFileType = "compiled.mach-o.dylib"; name = libassimp.dylib; path = ../../../assimp/5.0.1/lib/libassimp.dylib; sourceTree = "<group>"; };
		ABFB896126C9F99A00842864 /* libGLEW.dylib */ = {isa = PBXFileReference; lastKnownFileType = "compiled.mach-o.dylib"; name = libGLEW.dylib; path = ../../../glew/2.2.0_1/lib/libGLEW.dylib; sourceTree = "<group>"; };
		ABFB896326C9F9A000842864 /* libglfw.dylib */ = {isa = PBXFileReference; lastKnownFileType = "compiled.mach-o.dylib"; name = libglfw.dylib; path = ../../../glfw/3.3.4/lib/libglfw.dylib; sourceTree = "<group>"; };
		ABFB896526C9F9F600842864 /* glad.c */ = {isa = PBXFileReference; fileEncoding = 4; lastKnownFileType = sourcecode.c.c; name = glad.c; path = ../../../../glad/src/glad.c; sourceTree = "<group>"; };
		ABFB896726C9FA3700842864 /* Mesh.cpp */ = {isa = PBXFileReference; fileEncoding = 4; lastKnownFileType = sourcecode.cpp.cpp; path = Mesh.cpp; sourceTree = "<group>"; };
		ABFB896826C9FA3700842864 /* Model.cpp */ = {isa = PBXFileReference; fileEncoding = 4; lastKnownFileType = sourcecode.cpp.cpp; path = Model.cpp; sourceTree = "<group>"; };
		ABFB896926C9FA3700842864 /* Shader.h */ = {isa = PBXFileReference; fileEncoding = 4; lastKnownFileType = sourcecode.c.h; path = Shader.h; sourceTree = "<group>"; };
		ABFB896A26C9FA3700842864 /* Camera.cpp */ = {isa = PBXFileReference; fileEncoding = 4; lastKnownFileType = sourcecode.cpp.cpp; path = Camera.cpp; sourceTree = "<group>"; };
		ABFB896B26C9FA3700842864 /* Camera.hpp */ = {isa = PBXFileReference; fileEncoding = 4; lastKnownFileType = sourcecode.cpp.h; path = Camera.hpp; sourceTree = "<group>"; };
		ABFB896C26C9FA3700842864 /* Model.hpp */ = {isa = PBXFileReference; fileEncoding = 4; lastKnownFileType = sourcecode.cpp.h; path = Model.hpp; sourceTree = "<group>"; };
		ABFB896D26C9FA3700842864 /* stb_image.h */ = {isa = PBXFileReference; fileEncoding = 4; lastKnownFileType = sourcecode.c.h; path = stb_image.h; sourceTree = "<group>"; };
		ABFB896E26C9FA3700842864 /* Mesh.hpp */ = {isa = PBXFileReference; fileEncoding = 4; lastKnownFileType = sourcecode.cpp.h; path = Mesh.hpp; sourceTree = "<group>"; };
		ABFB897426C9FA3F00842864 /* SSAO.fs */ = {isa = PBXFileReference; lastKnownFileType = sourcecode.glsl; path = SSAO.fs; sourceTree = "<group>"; };
		ABFB897526C9FA3F00842864 /* GBuffer.vs */ = {isa = PBXFileReference; lastKnownFileType = sourcecode.glsl; path = GBuffer.vs; sourceTree = "<group>"; };
		ABFB897726C9FA3F00842864 /* SSAO.vs */ = {isa = PBXFileReference; lastKnownFileType = sourcecode.glsl; path = SSAO.vs; sourceTree = "<group>"; };
		ABFB897826C9FA3F00842864 /* GBuffer.fs */ = {isa = PBXFileReference; lastKnownFileType = sourcecode.glsl; path = GBuffer.fs; sourceTree = "<group>"; };
		ABFB897926C9FA3F00842864 /* SSAO_Lighting.fs */ = {isa = PBXFileReference; lastKnownFileType = sourcecode.glsl; path = SSAO_Lighting.fs; sourceTree = "<group>"; };
		ABFB897B26CA182100842864 /* SSAO_Blur.fs */ = {isa = PBXFileReference; lastKnownFileType = sourcecode.glsl; path = SSAO_Blur.fs; sourceTree = "<group>"; };
/* End PBXFileReference section */

/* Begin PBXFrameworksBuildPhase section */
		ABFB895126C9F94F00842864 /* Frameworks */ = {
			isa = PBXFrameworksBuildPhase;
			buildActionMask = 2147483647;
			files = (
				ABFB896026C9F99400842864 /* libassimp.dylib in Frameworks */,
				ABFB896226C9F99A00842864 /* libGLEW.dylib in Frameworks */,
				ABFB896426C9F9A000842864 /* libglfw.dylib in Frameworks */,
			);
			runOnlyForDeploymentPostprocessing = 0;
		};
/* End PBXFrameworksBuildPhase section */

/* Begin PBXGroup section */
		ABFB894B26C9F94F00842864 = {
			isa = PBXGroup;
			children = (
				ABFB895626C9F94F00842864 /* OpenGL_Test27_SSAO(ScreenSpaceAmbientOcclusion) */,
				ABFB895526C9F94F00842864 /* Products */,
				ABFB895E26C9F99400842864 /* Frameworks */,
			);
			sourceTree = "<group>";
		};
		ABFB895526C9F94F00842864 /* Products */ = {
			isa = PBXGroup;
			children = (
				ABFB895426C9F94F00842864 /* OpenGL_Test27_SSAO(ScreenSpaceAmbientOcclusion) */,
			);
			name = Products;
			sourceTree = "<group>";
		};
		ABFB895626C9F94F00842864 /* OpenGL_Test27_SSAO(ScreenSpaceAmbientOcclusion) */ = {
			isa = PBXGroup;
			children = (
				ABFB897226C9FA3F00842864 /* LightShader */,
				ABFB896A26C9FA3700842864 /* Camera.cpp */,
				ABFB896B26C9FA3700842864 /* Camera.hpp */,
				ABFB896726C9FA3700842864 /* Mesh.cpp */,
				ABFB896E26C9FA3700842864 /* Mesh.hpp */,
				ABFB896826C9FA3700842864 /* Model.cpp */,
				ABFB896C26C9FA3700842864 /* Model.hpp */,
				ABFB896926C9FA3700842864 /* Shader.h */,
				ABFB896D26C9FA3700842864 /* stb_image.h */,
				ABFB896526C9F9F600842864 /* glad.c */,
				ABFB895726C9F94F00842864 /* main.cpp */,
			);
			path = "OpenGL_Test27_SSAO(ScreenSpaceAmbientOcclusion)";
			sourceTree = "<group>";
		};
		ABFB895E26C9F99400842864 /* Frameworks */ = {
			isa = PBXGroup;
			children = (
				ABFB896326C9F9A000842864 /* libglfw.dylib */,
				ABFB896126C9F99A00842864 /* libGLEW.dylib */,
				ABFB895F26C9F99400842864 /* libassimp.dylib */,
			);
			name = Frameworks;
			sourceTree = "<group>";
		};
		ABFB897226C9FA3F00842864 /* LightShader */ = {
			isa = PBXGroup;
			children = (
				ABFB897526C9FA3F00842864 /* GBuffer.vs */,
				ABFB897826C9FA3F00842864 /* GBuffer.fs */,
				ABFB897726C9FA3F00842864 /* SSAO.vs */,
				ABFB897926C9FA3F00842864 /* SSAO_Lighting.fs */,
				ABFB897426C9FA3F00842864 /* SSAO.fs */,
				ABFB897B26CA182100842864 /* SSAO_Blur.fs */,
			);
			path = LightShader;
			sourceTree = "<group>";
		};
/* End PBXGroup section */

/* Begin PBXNativeTarget section */
		ABFB895326C9F94F00842864 /* OpenGL_Test27_SSAO(ScreenSpaceAmbientOcclusion) */ = {
			isa = PBXNativeTarget;
			buildConfigurationList = ABFB895B26C9F94F00842864 /* Build configuration list for PBXNativeTarget "OpenGL_Test27_SSAO(ScreenSpaceAmbientOcclusion)" */;
			buildPhases = (
				ABFB895026C9F94F00842864 /* Sources */,
				ABFB895126C9F94F00842864 /* Frameworks */,
				ABFB895226C9F94F00842864 /* CopyFiles */,
			);
			buildRules = (
			);
			dependencies = (
			);
			name = "OpenGL_Test27_SSAO(ScreenSpaceAmbientOcclusion)";
			productName = "OpenGL_Test27_SSAO(ScreenSpaceAmbientOcclusion)";
			productReference = ABFB895426C9F94F00842864 /* OpenGL_Test27_SSAO(ScreenSpaceAmbientOcclusion) */;
			productType = "com.apple.product-type.tool";
		};
/* End PBXNativeTarget section */

/* Begin PBXProject section */
		ABFB894C26C9F94F00842864 /* Project object */ = {
			isa = PBXProject;
			attributes = {
				LastUpgradeCheck = 1250;
				TargetAttributes = {
					ABFB895326C9F94F00842864 = {
						CreatedOnToolsVersion = 12.5.1;
					};
				};
			};
			buildConfigurationList = ABFB894F26C9F94F00842864 /* Build configuration list for PBXProject "OpenGL_Test27_SSAO(ScreenSpaceAmbientOcclusion)" */;
			compatibilityVersion = "Xcode 9.3";
			developmentRegion = en;
			hasScannedForEncodings = 0;
			knownRegions = (
				en,
				Base,
			);
			mainGroup = ABFB894B26C9F94F00842864;
			productRefGroup = ABFB895526C9F94F00842864 /* Products */;
			projectDirPath = "";
			projectRoot = "";
			targets = (
				ABFB895326C9F94F00842864 /* OpenGL_Test27_SSAO(ScreenSpaceAmbientOcclusion) */,
			);
		};
/* End PBXProject section */

/* Begin PBXSourcesBuildPhase section */
		ABFB895026C9F94F00842864 /* Sources */ = {
			isa = PBXSourcesBuildPhase;
			buildActionMask = 2147483647;
			files = (
				ABFB896F26C9FA3700842864 /* Mesh.cpp in Sources */,
				ABFB895826C9F94F00842864 /* main.cpp in Sources */,
				ABFB897126C9FA3700842864 /* Camera.cpp in Sources */,
				ABFB896626C9F9F600842864 /* glad.c in Sources */,
				ABFB897026C9FA3700842864 /* Model.cpp in Sources */,
			);
			runOnlyForDeploymentPostprocessing = 0;
		};
/* End PBXSourcesBuildPhase section */

/* Begin XCBuildConfiguration section */
		ABFB895926C9F94F00842864 /* Debug */ = {
			isa = XCBuildConfiguration;
			buildSettings = {
				ALWAYS_SEARCH_USER_PATHS = NO;
				CLANG_ANALYZER_NONNULL = YES;
				CLANG_ANALYZER_NUMBER_OBJECT_CONVERSION = YES_AGGRESSIVE;
				CLANG_CXX_LANGUAGE_STANDARD = "gnu++14";
				CLANG_CXX_LIBRARY = "libc++";
				CLANG_ENABLE_MODULES = YES;
				CLANG_ENABLE_OBJC_ARC = YES;
				CLANG_ENABLE_OBJC_WEAK = YES;
				CLANG_WARN_BLOCK_CAPTURE_AUTORELEASING = YES;
				CLANG_WARN_BOOL_CONVERSION = YES;
				CLANG_WARN_COMMA = YES;
				CLANG_WARN_CONSTANT_CONVERSION = YES;
				CLANG_WARN_DEPRECATED_OBJC_IMPLEMENTATIONS = YES;
				CLANG_WARN_DIRECT_OBJC_ISA_USAGE = YES_ERROR;
				CLANG_WARN_DOCUMENTATION_COMMENTS = YES;
				CLANG_WARN_EMPTY_BODY = YES;
				CLANG_WARN_ENUM_CONVERSION = YES;
				CLANG_WARN_INFINITE_RECURSION = YES;
				CLANG_WARN_INT_CONVERSION = YES;
				CLANG_WARN_NON_LITERAL_NULL_CONVERSION = YES;
				CLANG_WARN_OBJC_IMPLICIT_RETAIN_SELF = YES;
				CLANG_WARN_OBJC_LITERAL_CONVERSION = YES;
				CLANG_WARN_OBJC_ROOT_CLASS = YES_ERROR;
				CLANG_WARN_QUOTED_INCLUDE_IN_FRAMEWORK_HEADER = YES;
				CLANG_WARN_RANGE_LOOP_ANALYSIS = YES;
				CLANG_WARN_STRICT_PROTOTYPES = YES;
				CLANG_WARN_SUSPICIOUS_MOVE = YES;
				CLANG_WARN_UNGUARDED_AVAILABILITY = YES_AGGRESSIVE;
				CLANG_WARN_UNREACHABLE_CODE = YES;
				CLANG_WARN__DUPLICATE_METHOD_MATCH = YES;
				COPY_PHASE_STRIP = NO;
				DEBUG_INFORMATION_FORMAT = dwarf;
				ENABLE_STRICT_OBJC_MSGSEND = YES;
				ENABLE_TESTABILITY = YES;
				GCC_C_LANGUAGE_STANDARD = gnu11;
				GCC_DYNAMIC_NO_PIC = NO;
				GCC_NO_COMMON_BLOCKS = YES;
				GCC_OPTIMIZATION_LEVEL = 0;
				GCC_PREPROCESSOR_DEFINITIONS = (
					"DEBUG=1",
					"$(inherited)",
				);
				GCC_WARN_64_TO_32_BIT_CONVERSION = YES;
				GCC_WARN_ABOUT_RETURN_TYPE = YES_ERROR;
				GCC_WARN_UNDECLARED_SELECTOR = YES;
				GCC_WARN_UNINITIALIZED_AUTOS = YES_AGGRESSIVE;
				GCC_WARN_UNUSED_FUNCTION = YES;
				GCC_WARN_UNUSED_VARIABLE = YES;
				MACOSX_DEPLOYMENT_TARGET = 11.3;
				MTL_ENABLE_DEBUG_INFO = INCLUDE_SOURCE;
				MTL_FAST_MATH = YES;
				ONLY_ACTIVE_ARCH = YES;
				SDKROOT = macosx;
			};
			name = Debug;
		};
		ABFB895A26C9F94F00842864 /* Release */ = {
			isa = XCBuildConfiguration;
			buildSettings = {
				ALWAYS_SEARCH_USER_PATHS = NO;
				CLANG_ANALYZER_NONNULL = YES;
				CLANG_ANALYZER_NUMBER_OBJECT_CONVERSION = YES_AGGRESSIVE;
				CLANG_CXX_LANGUAGE_STANDARD = "gnu++14";
				CLANG_CXX_LIBRARY = "libc++";
				CLANG_ENABLE_MODULES = YES;
				CLANG_ENABLE_OBJC_ARC = YES;
				CLANG_ENABLE_OBJC_WEAK = YES;
				CLANG_WARN_BLOCK_CAPTURE_AUTORELEASING = YES;
				CLANG_WARN_BOOL_CONVERSION = YES;
				CLANG_WARN_COMMA = YES;
				CLANG_WARN_CONSTANT_CONVERSION = YES;
				CLANG_WARN_DEPRECATED_OBJC_IMPLEMENTATIONS = YES;
				CLANG_WARN_DIRECT_OBJC_ISA_USAGE = YES_ERROR;
				CLANG_WARN_DOCUMENTATION_COMMENTS = YES;
				CLANG_WARN_EMPTY_BODY = YES;
				CLANG_WARN_ENUM_CONVERSION = YES;
				CLANG_WARN_INFINITE_RECURSION = YES;
				CLANG_WARN_INT_CONVERSION = YES;
				CLANG_WARN_NON_LITERAL_NULL_CONVERSION = YES;
				CLANG_WARN_OBJC_IMPLICIT_RETAIN_SELF = YES;
				CLANG_WARN_OBJC_LITERAL_CONVERSION = YES;
				CLANG_WARN_OBJC_ROOT_CLASS = YES_ERROR;
				CLANG_WARN_QUOTED_INCLUDE_IN_FRAMEWORK_HEADER = YES;
				CLANG_WARN_RANGE_LOOP_ANALYSIS = YES;
				CLANG_WARN_STRICT_PROTOTYPES = YES;
				CLANG_WARN_SUSPICIOUS_MOVE = YES;
				CLANG_WARN_UNGUARDED_AVAILABILITY = YES_AGGRESSIVE;
				CLANG_WARN_UNREACHABLE_CODE = YES;
				CLANG_WARN__DUPLICATE_METHOD_MATCH = YES;
				COPY_PHASE_STRIP = NO;
				DEBUG_INFORMATION_FORMAT = "dwarf-with-dsym";
				ENABLE_NS_ASSERTIONS = NO;
				ENABLE_STRICT_OBJC_MSGSEND = YES;
				GCC_C_LANGUAGE_STANDARD = gnu11;
				GCC_NO_COMMON_BLOCKS = YES;
				GCC_WARN_64_TO_32_BIT_CONVERSION = YES;
				GCC_WARN_ABOUT_RETURN_TYPE = YES_ERROR;
				GCC_WARN_UNDECLARED_SELECTOR = YES;
				GCC_WARN_UNINITIALIZED_AUTOS = YES_AGGRESSIVE;
				GCC_WARN_UNUSED_FUNCTION = YES;
				GCC_WARN_UNUSED_VARIABLE = YES;
				MACOSX_DEPLOYMENT_TARGET = 11.3;
				MTL_ENABLE_DEBUG_INFO = NO;
				MTL_FAST_MATH = YES;
				SDKROOT = macosx;
			};
			name = Release;
		};
		ABFB895C26C9F94F00842864 /* Debug */ = {
			isa = XCBuildConfiguration;
			buildSettings = {
				CODE_SIGN_STYLE = Automatic;
				HEADER_SEARCH_PATHS = (
					"\"$(SRCROOT)/../../../assimp/5.0.1/include\"",
					"\"$(SRCROOT)/../../../glad/include\"",
					"\"$(SRCROOT)/../../../glew/2.2.0_1/include\"",
					"\"$(SRCROOT)/../../../glfw/3.3.4/include\"",
					"\"$(SRCROOT)/../../../glm/0.9.9.8/include\"",
				);
				LIBRARY_SEARCH_PATHS = (
					"\"$(SRCROOT)/../../../glfw/3.3.4/lib\"",
					"\"$(SRCROOT)/../../../glew/2.2.0_1/lib\"",
					"\"$(SRCROOT)/../../../assimp/5.0.1/lib\"",
				);
				PRODUCT_NAME = "$(TARGET_NAME)";
			};
			name = Debug;
		};
		ABFB895D26C9F94F00842864 /* Release */ = {
			isa = XCBuildConfiguration;
			buildSettings = {
				CODE_SIGN_STYLE = Automatic;
				HEADER_SEARCH_PATHS = (
					"\"$(SRCROOT)/../../../assimp/5.0.1/include\"",
					"\"$(SRCROOT)/../../../glad/include\"",
					"\"$(SRCROOT)/../../../glew/2.2.0_1/include\"",
					"\"$(SRCROOT)/../../../glfw/3.3.4/include\"",
					"\"$(SRCROOT)/../../../glm/0.9.9.8/include\"",
				);
				LIBRARY_SEARCH_PATHS = (
					"\"$(SRCROOT)/../../../glfw/3.3.4/lib\"",
					"\"$(SRCROOT)/../../../glew/2.2.0_1/lib\"",
					"\"$(SRCROOT)/../../../assimp/5.0.1/lib\"",
				);
				PRODUCT_NAME = "$(TARGET_NAME)";
			};
			name = Release;
		};
/* End XCBuildConfiguration section */

/* Begin XCConfigurationList section */
		ABFB894F26C9F94F00842864 /* Build configuration list for PBXProject "OpenGL_Test27_SSAO(ScreenSpaceAmbientOcclusion)" */ = {
			isa = XCConfigurationList;
			buildConfigurations = (
				ABFB895926C9F94F00842864 /* Debug */,
				ABFB895A26C9F94F00842864 /* Release */,
			);
			defaultConfigurationIsVisible = 0;
			defaultConfigurationName = Release;
		};
		ABFB895B26C9F94F00842864 /* Build configuration list for PBXNativeTarget "OpenGL_Test27_SSAO(ScreenSpaceAmbientOcclusion)" */ = {
			isa = XCConfigurationList;
			buildConfigurations = (
				ABFB895C26C9F94F00842864 /* Debug */,
				ABFB895D26C9F94F00842864 /* Release */,
			);
			defaultConfigurationIsVisible = 0;
			defaultConfigurationName = Release;
		};
/* End XCConfigurationList section */
	};
	rootObject = ABFB894C26C9F94F00842864 /* Project object */;
}
